// !$*UTF8*$!
{
	archiveVersion = 1;
	classes = {
	};
	objectVersion = 51;
	objects = {

/* Begin PBXBuildFile section */
		15896D8D26268814004D89A3 /* AppDelegate.swift in Sources */ = {isa = PBXBuildFile; fileRef = 15896D8C26268814004D89A3 /* AppDelegate.swift */; };
		15896D8F26268814004D89A3 /* SceneDelegate.swift in Sources */ = {isa = PBXBuildFile; fileRef = 15896D8E26268814004D89A3 /* SceneDelegate.swift */; };
		15896D9426268814004D89A3 /* Main.storyboard in Resources */ = {isa = PBXBuildFile; fileRef = 15896D9226268814004D89A3 /* Main.storyboard */; };
		15896D9626268815004D89A3 /* Assets.xcassets in Resources */ = {isa = PBXBuildFile; fileRef = 15896D9526268815004D89A3 /* Assets.xcassets */; };
		15896D9926268815004D89A3 /* LaunchScreen.storyboard in Resources */ = {isa = PBXBuildFile; fileRef = 15896D9726268815004D89A3 /* LaunchScreen.storyboard */; };
		15896DA426268815004D89A3 /* stockSimulationTests.swift in Sources */ = {isa = PBXBuildFile; fileRef = 15896DA326268815004D89A3 /* stockSimulationTests.swift */; };
		15896DAF26268815004D89A3 /* stockSimulationUITests.swift in Sources */ = {isa = PBXBuildFile; fileRef = 15896DAE26268815004D89A3 /* stockSimulationUITests.swift */; };
		15BCD3F926268FB1001F7DF3 /* LoginViewController.swift in Sources */ = {isa = PBXBuildFile; fileRef = 15BCD3F826268FB1001F7DF3 /* LoginViewController.swift */; };
		15BCD40626268FD3001F7DF3 /* HomeViewController.swift in Sources */ = {isa = PBXBuildFile; fileRef = 15BCD40526268FD3001F7DF3 /* HomeViewController.swift */; };
		15BCD40B2627479A001F7DF3 /* SearchViewController.swift in Sources */ = {isa = PBXBuildFile; fileRef = 15BCD40A2627479A001F7DF3 /* SearchViewController.swift */; };
		15BCD410262747B8001F7DF3 /* ProfileViewController.swift in Sources */ = {isa = PBXBuildFile; fileRef = 15BCD40F262747B8001F7DF3 /* ProfileViewController.swift */; };
		26A6AE2B1B540DCCAD0ED2BB /* Pods_stockSimulation_stockSimulationUITests.framework in Frameworks */ = {isa = PBXBuildFile; fileRef = AA45220B64BCBA955CF25B87 /* Pods_stockSimulation_stockSimulationUITests.framework */; };
		49D5EDBC26336A1E00E2CAAF /* homeCell.swift in Sources */ = {isa = PBXBuildFile; fileRef = 49D5EDBB26336A1E00E2CAAF /* homeCell.swift */; };
		6D6E38CAECE766DF5FD41186 /* Pods_stockSimulation.framework in Frameworks */ = {isa = PBXBuildFile; fileRef = 25B76686084031E51F5637F8 /* Pods_stockSimulation.framework */; };
		D9921D8DBB66F0E4FB011C66 /* Pods_stockSimulationTests.framework in Frameworks */ = {isa = PBXBuildFile; fileRef = 967A0CF2A51EF75C5D1704A1 /* Pods_stockSimulationTests.framework */; };
/* End PBXBuildFile section */

/* Begin PBXContainerItemProxy section */
		15896DA026268815004D89A3 /* PBXContainerItemProxy */ = {
			isa = PBXContainerItemProxy;
			containerPortal = 15896D8126268814004D89A3 /* Project object */;
			proxyType = 1;
			remoteGlobalIDString = 15896D8826268814004D89A3;
			remoteInfo = stockSimulation;
		};
		15896DAB26268815004D89A3 /* PBXContainerItemProxy */ = {
			isa = PBXContainerItemProxy;
			containerPortal = 15896D8126268814004D89A3 /* Project object */;
			proxyType = 1;
			remoteGlobalIDString = 15896D8826268814004D89A3;
			remoteInfo = stockSimulation;
		};
/* End PBXContainerItemProxy section */

/* Begin PBXFileReference section */
		15896D8926268814004D89A3 /* stockSimulation.app */ = {isa = PBXFileReference; explicitFileType = wrapper.application; includeInIndex = 0; path = stockSimulation.app; sourceTree = BUILT_PRODUCTS_DIR; };
		15896D8C26268814004D89A3 /* AppDelegate.swift */ = {isa = PBXFileReference; lastKnownFileType = sourcecode.swift; path = AppDelegate.swift; sourceTree = "<group>"; };
		15896D8E26268814004D89A3 /* SceneDelegate.swift */ = {isa = PBXFileReference; lastKnownFileType = sourcecode.swift; path = SceneDelegate.swift; sourceTree = "<group>"; };
		15896D9326268814004D89A3 /* Base */ = {isa = PBXFileReference; lastKnownFileType = file.storyboard; name = Base; path = Base.lproj/Main.storyboard; sourceTree = "<group>"; };
		15896D9526268815004D89A3 /* Assets.xcassets */ = {isa = PBXFileReference; lastKnownFileType = folder.assetcatalog; path = Assets.xcassets; sourceTree = "<group>"; };
		15896D9826268815004D89A3 /* Base */ = {isa = PBXFileReference; lastKnownFileType = file.storyboard; name = Base; path = Base.lproj/LaunchScreen.storyboard; sourceTree = "<group>"; };
		15896D9A26268815004D89A3 /* Info.plist */ = {isa = PBXFileReference; lastKnownFileType = text.plist.xml; path = Info.plist; sourceTree = "<group>"; };
		15896D9F26268815004D89A3 /* stockSimulationTests.xctest */ = {isa = PBXFileReference; explicitFileType = wrapper.cfbundle; includeInIndex = 0; path = stockSimulationTests.xctest; sourceTree = BUILT_PRODUCTS_DIR; };
		15896DA326268815004D89A3 /* stockSimulationTests.swift */ = {isa = PBXFileReference; lastKnownFileType = sourcecode.swift; path = stockSimulationTests.swift; sourceTree = "<group>"; };
		15896DA526268815004D89A3 /* Info.plist */ = {isa = PBXFileReference; lastKnownFileType = text.plist.xml; path = Info.plist; sourceTree = "<group>"; };
		15896DAA26268815004D89A3 /* stockSimulationUITests.xctest */ = {isa = PBXFileReference; explicitFileType = wrapper.cfbundle; includeInIndex = 0; path = stockSimulationUITests.xctest; sourceTree = BUILT_PRODUCTS_DIR; };
		15896DAE26268815004D89A3 /* stockSimulationUITests.swift */ = {isa = PBXFileReference; lastKnownFileType = sourcecode.swift; path = stockSimulationUITests.swift; sourceTree = "<group>"; };
		15896DB026268815004D89A3 /* Info.plist */ = {isa = PBXFileReference; lastKnownFileType = text.plist.xml; path = Info.plist; sourceTree = "<group>"; };
		15BCD3F826268FB1001F7DF3 /* LoginViewController.swift */ = {isa = PBXFileReference; lastKnownFileType = sourcecode.swift; path = LoginViewController.swift; sourceTree = "<group>"; };
		15BCD40526268FD3001F7DF3 /* HomeViewController.swift */ = {isa = PBXFileReference; lastKnownFileType = sourcecode.swift; path = HomeViewController.swift; sourceTree = "<group>"; };
		15BCD40A2627479A001F7DF3 /* SearchViewController.swift */ = {isa = PBXFileReference; lastKnownFileType = sourcecode.swift; path = SearchViewController.swift; sourceTree = "<group>"; };
		15BCD40F262747B8001F7DF3 /* ProfileViewController.swift */ = {isa = PBXFileReference; lastKnownFileType = sourcecode.swift; path = ProfileViewController.swift; sourceTree = "<group>"; };
		25B76686084031E51F5637F8 /* Pods_stockSimulation.framework */ = {isa = PBXFileReference; explicitFileType = wrapper.framework; includeInIndex = 0; path = Pods_stockSimulation.framework; sourceTree = BUILT_PRODUCTS_DIR; };
		49D5EDBB26336A1E00E2CAAF /* homeCell.swift */ = {isa = PBXFileReference; lastKnownFileType = sourcecode.swift; path = homeCell.swift; sourceTree = "<group>"; };
		5D05DECA742BC985F5732223 /* Pods-stockSimulationTests.release.xcconfig */ = {isa = PBXFileReference; includeInIndex = 1; lastKnownFileType = text.xcconfig; name = "Pods-stockSimulationTests.release.xcconfig"; path = "Target Support Files/Pods-stockSimulationTests/Pods-stockSimulationTests.release.xcconfig"; sourceTree = "<group>"; };
		72AB962327CD17599DA9A0F0 /* Pods-stockSimulation.release.xcconfig */ = {isa = PBXFileReference; includeInIndex = 1; lastKnownFileType = text.xcconfig; name = "Pods-stockSimulation.release.xcconfig"; path = "Target Support Files/Pods-stockSimulation/Pods-stockSimulation.release.xcconfig"; sourceTree = "<group>"; };
		7E85CA03C12D25E4DE76FC78 /* Pods-stockSimulation.debug.xcconfig */ = {isa = PBXFileReference; includeInIndex = 1; lastKnownFileType = text.xcconfig; name = "Pods-stockSimulation.debug.xcconfig"; path = "Target Support Files/Pods-stockSimulation/Pods-stockSimulation.debug.xcconfig"; sourceTree = "<group>"; };
		961C2C1D031C0CDB12E60A39 /* Pods-stockSimulation-stockSimulationUITests.debug.xcconfig */ = {isa = PBXFileReference; includeInIndex = 1; lastKnownFileType = text.xcconfig; name = "Pods-stockSimulation-stockSimulationUITests.debug.xcconfig"; path = "Target Support Files/Pods-stockSimulation-stockSimulationUITests/Pods-stockSimulation-stockSimulationUITests.debug.xcconfig"; sourceTree = "<group>"; };
		967A0CF2A51EF75C5D1704A1 /* Pods_stockSimulationTests.framework */ = {isa = PBXFileReference; explicitFileType = wrapper.framework; includeInIndex = 0; path = Pods_stockSimulationTests.framework; sourceTree = BUILT_PRODUCTS_DIR; };
		AA45220B64BCBA955CF25B87 /* Pods_stockSimulation_stockSimulationUITests.framework */ = {isa = PBXFileReference; explicitFileType = wrapper.framework; includeInIndex = 0; path = Pods_stockSimulation_stockSimulationUITests.framework; sourceTree = BUILT_PRODUCTS_DIR; };
		AABB1C161EA12CD4F72F66B8 /* Pods-stockSimulationTests.debug.xcconfig */ = {isa = PBXFileReference; includeInIndex = 1; lastKnownFileType = text.xcconfig; name = "Pods-stockSimulationTests.debug.xcconfig"; path = "Target Support Files/Pods-stockSimulationTests/Pods-stockSimulationTests.debug.xcconfig"; sourceTree = "<group>"; };
		B9F28231BB3C8788B16A2184 /* Pods-stockSimulation-stockSimulationUITests.release.xcconfig */ = {isa = PBXFileReference; includeInIndex = 1; lastKnownFileType = text.xcconfig; name = "Pods-stockSimulation-stockSimulationUITests.release.xcconfig"; path = "Target Support Files/Pods-stockSimulation-stockSimulationUITests/Pods-stockSimulation-stockSimulationUITests.release.xcconfig"; sourceTree = "<group>"; };
/* End PBXFileReference section */

/* Begin PBXFrameworksBuildPhase section */
		15896D8626268814004D89A3 /* Frameworks */ = {
			isa = PBXFrameworksBuildPhase;
			buildActionMask = 2147483647;
			files = (
				6D6E38CAECE766DF5FD41186 /* Pods_stockSimulation.framework in Frameworks */,
			);
			runOnlyForDeploymentPostprocessing = 0;
		};
		15896D9C26268815004D89A3 /* Frameworks */ = {
			isa = PBXFrameworksBuildPhase;
			buildActionMask = 2147483647;
			files = (
				D9921D8DBB66F0E4FB011C66 /* Pods_stockSimulationTests.framework in Frameworks */,
			);
			runOnlyForDeploymentPostprocessing = 0;
		};
		15896DA726268815004D89A3 /* Frameworks */ = {
			isa = PBXFrameworksBuildPhase;
			buildActionMask = 2147483647;
			files = (
				26A6AE2B1B540DCCAD0ED2BB /* Pods_stockSimulation_stockSimulationUITests.framework in Frameworks */,
			);
			runOnlyForDeploymentPostprocessing = 0;
		};
/* End PBXFrameworksBuildPhase section */

/* Begin PBXGroup section */
		15896D8026268814004D89A3 = {
			isa = PBXGroup;
			children = (
				15896D8B26268814004D89A3 /* stockSimulation */,
				15896DA226268815004D89A3 /* stockSimulationTests */,
				15896DAD26268815004D89A3 /* stockSimulationUITests */,
				15896D8A26268814004D89A3 /* Products */,
				6C212F53CB34E02301372B59 /* Pods */,
				1DAA0A20CDCC17C7064824A0 /* Frameworks */,
			);
			sourceTree = "<group>";
		};
		15896D8A26268814004D89A3 /* Products */ = {
			isa = PBXGroup;
			children = (
				15896D8926268814004D89A3 /* stockSimulation.app */,
				15896D9F26268815004D89A3 /* stockSimulationTests.xctest */,
				15896DAA26268815004D89A3 /* stockSimulationUITests.xctest */,
			);
			name = Products;
			sourceTree = "<group>";
		};
		15896D8B26268814004D89A3 /* stockSimulation */ = {
			isa = PBXGroup;
			children = (
				15896D8C26268814004D89A3 /* AppDelegate.swift */,
				15896D8E26268814004D89A3 /* SceneDelegate.swift */,
				15896D9226268814004D89A3 /* Main.storyboard */,
				15896D9526268815004D89A3 /* Assets.xcassets */,
				15896D9726268815004D89A3 /* LaunchScreen.storyboard */,
				15896D9A26268815004D89A3 /* Info.plist */,
				15BCD3F826268FB1001F7DF3 /* LoginViewController.swift */,
				15BCD40526268FD3001F7DF3 /* HomeViewController.swift */,
				15BCD40A2627479A001F7DF3 /* SearchViewController.swift */,
				15BCD40F262747B8001F7DF3 /* ProfileViewController.swift */,
				49D5EDBB26336A1E00E2CAAF /* homeCell.swift */,
			);
			path = stockSimulation;
			sourceTree = "<group>";
		};
		15896DA226268815004D89A3 /* stockSimulationTests */ = {
			isa = PBXGroup;
			children = (
				15896DA326268815004D89A3 /* stockSimulationTests.swift */,
				15896DA526268815004D89A3 /* Info.plist */,
			);
			path = stockSimulationTests;
			sourceTree = "<group>";
		};
		15896DAD26268815004D89A3 /* stockSimulationUITests */ = {
			isa = PBXGroup;
			children = (
				15896DAE26268815004D89A3 /* stockSimulationUITests.swift */,
				15896DB026268815004D89A3 /* Info.plist */,
			);
			path = stockSimulationUITests;
			sourceTree = "<group>";
		};
		1DAA0A20CDCC17C7064824A0 /* Frameworks */ = {
			isa = PBXGroup;
			children = (
				25B76686084031E51F5637F8 /* Pods_stockSimulation.framework */,
				AA45220B64BCBA955CF25B87 /* Pods_stockSimulation_stockSimulationUITests.framework */,
				967A0CF2A51EF75C5D1704A1 /* Pods_stockSimulationTests.framework */,
			);
			name = Frameworks;
			sourceTree = "<group>";
		};
		6C212F53CB34E02301372B59 /* Pods */ = {
			isa = PBXGroup;
			children = (
				7E85CA03C12D25E4DE76FC78 /* Pods-stockSimulation.debug.xcconfig */,
				72AB962327CD17599DA9A0F0 /* Pods-stockSimulation.release.xcconfig */,
				961C2C1D031C0CDB12E60A39 /* Pods-stockSimulation-stockSimulationUITests.debug.xcconfig */,
				B9F28231BB3C8788B16A2184 /* Pods-stockSimulation-stockSimulationUITests.release.xcconfig */,
				AABB1C161EA12CD4F72F66B8 /* Pods-stockSimulationTests.debug.xcconfig */,
				5D05DECA742BC985F5732223 /* Pods-stockSimulationTests.release.xcconfig */,
			);
			path = Pods;
			sourceTree = "<group>";
		};
/* End PBXGroup section */

/* Begin PBXNativeTarget section */
		15896D8826268814004D89A3 /* stockSimulation */ = {
			isa = PBXNativeTarget;
			buildConfigurationList = 15896DB326268815004D89A3 /* Build configuration list for PBXNativeTarget "stockSimulation" */;
			buildPhases = (
				B07F593A4CC039C8E1CEBDFF /* [CP] Check Pods Manifest.lock */,
				15896D8526268814004D89A3 /* Sources */,
				15896D8626268814004D89A3 /* Frameworks */,
				15896D8726268814004D89A3 /* Resources */,
				6C4CD0E4018FA9ADE9E2D6AE /* [CP] Embed Pods Frameworks */,
			);
			buildRules = (
			);
			dependencies = (
			);
			name = stockSimulation;
			productName = stockSimulation;
			productReference = 15896D8926268814004D89A3 /* stockSimulation.app */;
			productType = "com.apple.product-type.application";
		};
		15896D9E26268815004D89A3 /* stockSimulationTests */ = {
			isa = PBXNativeTarget;
			buildConfigurationList = 15896DB626268815004D89A3 /* Build configuration list for PBXNativeTarget "stockSimulationTests" */;
			buildPhases = (
				16038C8C773EE82591E6E9C7 /* [CP] Check Pods Manifest.lock */,
				15896D9B26268815004D89A3 /* Sources */,
				15896D9C26268815004D89A3 /* Frameworks */,
				15896D9D26268815004D89A3 /* Resources */,
			);
			buildRules = (
			);
			dependencies = (
				15896DA126268815004D89A3 /* PBXTargetDependency */,
			);
			name = stockSimulationTests;
			productName = stockSimulationTests;
			productReference = 15896D9F26268815004D89A3 /* stockSimulationTests.xctest */;
			productType = "com.apple.product-type.bundle.unit-test";
		};
		15896DA926268815004D89A3 /* stockSimulationUITests */ = {
			isa = PBXNativeTarget;
			buildConfigurationList = 15896DB926268815004D89A3 /* Build configuration list for PBXNativeTarget "stockSimulationUITests" */;
			buildPhases = (
				BC54EB1748545AE65B14D12B /* [CP] Check Pods Manifest.lock */,
				15896DA626268815004D89A3 /* Sources */,
				15896DA726268815004D89A3 /* Frameworks */,
				15896DA826268815004D89A3 /* Resources */,
				3E1575455826CB54DE4B47D0 /* [CP] Embed Pods Frameworks */,
			);
			buildRules = (
			);
			dependencies = (
				15896DAC26268815004D89A3 /* PBXTargetDependency */,
			);
			name = stockSimulationUITests;
			productName = stockSimulationUITests;
			productReference = 15896DAA26268815004D89A3 /* stockSimulationUITests.xctest */;
			productType = "com.apple.product-type.bundle.ui-testing";
		};
/* End PBXNativeTarget section */

/* Begin PBXProject section */
		15896D8126268814004D89A3 /* Project object */ = {
			isa = PBXProject;
			attributes = {
				LastSwiftUpdateCheck = 1240;
				LastUpgradeCheck = 1240;
				TargetAttributes = {
					15896D8826268814004D89A3 = {
						CreatedOnToolsVersion = 12.4;
					};
					15896D9E26268815004D89A3 = {
						CreatedOnToolsVersion = 12.4;
						TestTargetID = 15896D8826268814004D89A3;
					};
					15896DA926268815004D89A3 = {
						CreatedOnToolsVersion = 12.4;
						TestTargetID = 15896D8826268814004D89A3;
					};
				};
			};
			buildConfigurationList = 15896D8426268814004D89A3 /* Build configuration list for PBXProject "stockSimulation" */;
			compatibilityVersion = "Xcode 9.3";
			developmentRegion = en;
			hasScannedForEncodings = 0;
			knownRegions = (
				en,
				Base,
			);
			mainGroup = 15896D8026268814004D89A3;
			productRefGroup = 15896D8A26268814004D89A3 /* Products */;
			projectDirPath = "";
			projectRoot = "";
			targets = (
				15896D8826268814004D89A3 /* stockSimulation */,
				15896D9E26268815004D89A3 /* stockSimulationTests */,
				15896DA926268815004D89A3 /* stockSimulationUITests */,
			);
		};
/* End PBXProject section */

/* Begin PBXResourcesBuildPhase section */
		15896D8726268814004D89A3 /* Resources */ = {
			isa = PBXResourcesBuildPhase;
			buildActionMask = 2147483647;
			files = (
				15896D9926268815004D89A3 /* LaunchScreen.storyboard in Resources */,
				15896D9626268815004D89A3 /* Assets.xcassets in Resources */,
				15896D9426268814004D89A3 /* Main.storyboard in Resources */,
			);
			runOnlyForDeploymentPostprocessing = 0;
		};
		15896D9D26268815004D89A3 /* Resources */ = {
			isa = PBXResourcesBuildPhase;
			buildActionMask = 2147483647;
			files = (
			);
			runOnlyForDeploymentPostprocessing = 0;
		};
		15896DA826268815004D89A3 /* Resources */ = {
			isa = PBXResourcesBuildPhase;
			buildActionMask = 2147483647;
			files = (
			);
			runOnlyForDeploymentPostprocessing = 0;
		};
/* End PBXResourcesBuildPhase section */

/* Begin PBXShellScriptBuildPhase section */
		16038C8C773EE82591E6E9C7 /* [CP] Check Pods Manifest.lock */ = {
			isa = PBXShellScriptBuildPhase;
			buildActionMask = 2147483647;
			files = (
			);
			inputFileListPaths = (
			);
			inputPaths = (
				"${PODS_PODFILE_DIR_PATH}/Podfile.lock",
				"${PODS_ROOT}/Manifest.lock",
			);
			name = "[CP] Check Pods Manifest.lock";
			outputFileListPaths = (
			);
			outputPaths = (
				"$(DERIVED_FILE_DIR)/Pods-stockSimulationTests-checkManifestLockResult.txt",
			);
			runOnlyForDeploymentPostprocessing = 0;
			shellPath = /bin/sh;
			shellScript = "diff \"${PODS_PODFILE_DIR_PATH}/Podfile.lock\" \"${PODS_ROOT}/Manifest.lock\" > /dev/null\nif [ $? != 0 ] ; then\n    # print error to STDERR\n    echo \"error: The sandbox is not in sync with the Podfile.lock. Run 'pod install' or update your CocoaPods installation.\" >&2\n    exit 1\nfi\n# This output is used by Xcode 'outputs' to avoid re-running this script phase.\necho \"SUCCESS\" > \"${SCRIPT_OUTPUT_FILE_0}\"\n";
			showEnvVarsInLog = 0;
		};
		3E1575455826CB54DE4B47D0 /* [CP] Embed Pods Frameworks */ = {
			isa = PBXShellScriptBuildPhase;
			buildActionMask = 2147483647;
			files = (
			);
			inputFileListPaths = (
				"${PODS_ROOT}/Target Support Files/Pods-stockSimulation-stockSimulationUITests/Pods-stockSimulation-stockSimulationUITests-frameworks-${CONFIGURATION}-input-files.xcfilelist",
			);
			name = "[CP] Embed Pods Frameworks";
			outputFileListPaths = (
				"${PODS_ROOT}/Target Support Files/Pods-stockSimulation-stockSimulationUITests/Pods-stockSimulation-stockSimulationUITests-frameworks-${CONFIGURATION}-output-files.xcfilelist",
			);
			runOnlyForDeploymentPostprocessing = 0;
			shellPath = /bin/sh;
			shellScript = "\"${PODS_ROOT}/Target Support Files/Pods-stockSimulation-stockSimulationUITests/Pods-stockSimulation-stockSimulationUITests-frameworks.sh\"\n";
			showEnvVarsInLog = 0;
		};
		6C4CD0E4018FA9ADE9E2D6AE /* [CP] Embed Pods Frameworks */ = {
			isa = PBXShellScriptBuildPhase;
			buildActionMask = 2147483647;
			files = (
			);
			inputFileListPaths = (
				"${PODS_ROOT}/Target Support Files/Pods-stockSimulation/Pods-stockSimulation-frameworks-${CONFIGURATION}-input-files.xcfilelist",
			);
			name = "[CP] Embed Pods Frameworks";
			outputFileListPaths = (
				"${PODS_ROOT}/Target Support Files/Pods-stockSimulation/Pods-stockSimulation-frameworks-${CONFIGURATION}-output-files.xcfilelist",
			);
			runOnlyForDeploymentPostprocessing = 0;
			shellPath = /bin/sh;
			shellScript = "\"${PODS_ROOT}/Target Support Files/Pods-stockSimulation/Pods-stockSimulation-frameworks.sh\"\n";
			showEnvVarsInLog = 0;
		};
		B07F593A4CC039C8E1CEBDFF /* [CP] Check Pods Manifest.lock */ = {
			isa = PBXShellScriptBuildPhase;
			buildActionMask = 2147483647;
			files = (
			);
			inputFileListPaths = (
			);
			inputPaths = (
				"${PODS_PODFILE_DIR_PATH}/Podfile.lock",
				"${PODS_ROOT}/Manifest.lock",
			);
			name = "[CP] Check Pods Manifest.lock";
			outputFileListPaths = (
			);
			outputPaths = (
				"$(DERIVED_FILE_DIR)/Pods-stockSimulation-checkManifestLockResult.txt",
			);
			runOnlyForDeploymentPostprocessing = 0;
			shellPath = /bin/sh;
			shellScript = "diff \"${PODS_PODFILE_DIR_PATH}/Podfile.lock\" \"${PODS_ROOT}/Manifest.lock\" > /dev/null\nif [ $? != 0 ] ; then\n    # print error to STDERR\n    echo \"error: The sandbox is not in sync with the Podfile.lock. Run 'pod install' or update your CocoaPods installation.\" >&2\n    exit 1\nfi\n# This output is used by Xcode 'outputs' to avoid re-running this script phase.\necho \"SUCCESS\" > \"${SCRIPT_OUTPUT_FILE_0}\"\n";
			showEnvVarsInLog = 0;
		};
		BC54EB1748545AE65B14D12B /* [CP] Check Pods Manifest.lock */ = {
			isa = PBXShellScriptBuildPhase;
			buildActionMask = 2147483647;
			files = (
			);
			inputFileListPaths = (
			);
			inputPaths = (
				"${PODS_PODFILE_DIR_PATH}/Podfile.lock",
				"${PODS_ROOT}/Manifest.lock",
			);
			name = "[CP] Check Pods Manifest.lock";
			outputFileListPaths = (
			);
			outputPaths = (
				"$(DERIVED_FILE_DIR)/Pods-stockSimulation-stockSimulationUITests-checkManifestLockResult.txt",
			);
			runOnlyForDeploymentPostprocessing = 0;
			shellPath = /bin/sh;
			shellScript = "diff \"${PODS_PODFILE_DIR_PATH}/Podfile.lock\" \"${PODS_ROOT}/Manifest.lock\" > /dev/null\nif [ $? != 0 ] ; then\n    # print error to STDERR\n    echo \"error: The sandbox is not in sync with the Podfile.lock. Run 'pod install' or update your CocoaPods installation.\" >&2\n    exit 1\nfi\n# This output is used by Xcode 'outputs' to avoid re-running this script phase.\necho \"SUCCESS\" > \"${SCRIPT_OUTPUT_FILE_0}\"\n";
			showEnvVarsInLog = 0;
		};
/* End PBXShellScriptBuildPhase section */

/* Begin PBXSourcesBuildPhase section */
		15896D8526268814004D89A3 /* Sources */ = {
			isa = PBXSourcesBuildPhase;
			buildActionMask = 2147483647;
			files = (
				15BCD410262747B8001F7DF3 /* ProfileViewController.swift in Sources */,
				15BCD40B2627479A001F7DF3 /* SearchViewController.swift in Sources */,
				49D5EDBC26336A1E00E2CAAF /* homeCell.swift in Sources */,
				15BCD3F926268FB1001F7DF3 /* LoginViewController.swift in Sources */,
				15896D8D26268814004D89A3 /* AppDelegate.swift in Sources */,
				15896D8F26268814004D89A3 /* SceneDelegate.swift in Sources */,
				15BCD40626268FD3001F7DF3 /* HomeViewController.swift in Sources */,
			);
			runOnlyForDeploymentPostprocessing = 0;
		};
		15896D9B26268815004D89A3 /* Sources */ = {
			isa = PBXSourcesBuildPhase;
			buildActionMask = 2147483647;
			files = (
				15896DA426268815004D89A3 /* stockSimulationTests.swift in Sources */,
			);
			runOnlyForDeploymentPostprocessing = 0;
		};
		15896DA626268815004D89A3 /* Sources */ = {
			isa = PBXSourcesBuildPhase;
			buildActionMask = 2147483647;
			files = (
				15896DAF26268815004D89A3 /* stockSimulationUITests.swift in Sources */,
			);
			runOnlyForDeploymentPostprocessing = 0;
		};
/* End PBXSourcesBuildPhase section */

/* Begin PBXTargetDependency section */
		15896DA126268815004D89A3 /* PBXTargetDependency */ = {
			isa = PBXTargetDependency;
			target = 15896D8826268814004D89A3 /* stockSimulation */;
			targetProxy = 15896DA026268815004D89A3 /* PBXContainerItemProxy */;
		};
		15896DAC26268815004D89A3 /* PBXTargetDependency */ = {
			isa = PBXTargetDependency;
			target = 15896D8826268814004D89A3 /* stockSimulation */;
			targetProxy = 15896DAB26268815004D89A3 /* PBXContainerItemProxy */;
		};
/* End PBXTargetDependency section */

/* Begin PBXVariantGroup section */
		15896D9226268814004D89A3 /* Main.storyboard */ = {
			isa = PBXVariantGroup;
			children = (
				15896D9326268814004D89A3 /* Base */,
			);
			name = Main.storyboard;
			sourceTree = "<group>";
		};
		15896D9726268815004D89A3 /* LaunchScreen.storyboard */ = {
			isa = PBXVariantGroup;
			children = (
				15896D9826268815004D89A3 /* Base */,
			);
			name = LaunchScreen.storyboard;
			sourceTree = "<group>";
		};
/* End PBXVariantGroup section */

/* Begin XCBuildConfiguration section */
		15896DB126268815004D89A3 /* Debug */ = {
			isa = XCBuildConfiguration;
			buildSettings = {
				ALWAYS_SEARCH_USER_PATHS = NO;
				CLANG_ANALYZER_NONNULL = YES;
				CLANG_ANALYZER_NUMBER_OBJECT_CONVERSION = YES_AGGRESSIVE;
				CLANG_CXX_LANGUAGE_STANDARD = "gnu++14";
				CLANG_CXX_LIBRARY = "libc++";
				CLANG_ENABLE_MODULES = YES;
				CLANG_ENABLE_OBJC_ARC = YES;
				CLANG_ENABLE_OBJC_WEAK = YES;
				CLANG_WARN_BLOCK_CAPTURE_AUTORELEASING = YES;
				CLANG_WARN_BOOL_CONVERSION = YES;
				CLANG_WARN_COMMA = YES;
				CLANG_WARN_CONSTANT_CONVERSION = YES;
				CLANG_WARN_DEPRECATED_OBJC_IMPLEMENTATIONS = YES;
				CLANG_WARN_DIRECT_OBJC_ISA_USAGE = YES_ERROR;
				CLANG_WARN_DOCUMENTATION_COMMENTS = YES;
				CLANG_WARN_EMPTY_BODY = YES;
				CLANG_WARN_ENUM_CONVERSION = YES;
				CLANG_WARN_INFINITE_RECURSION = YES;
				CLANG_WARN_INT_CONVERSION = YES;
				CLANG_WARN_NON_LITERAL_NULL_CONVERSION = YES;
				CLANG_WARN_OBJC_IMPLICIT_RETAIN_SELF = YES;
				CLANG_WARN_OBJC_LITERAL_CONVERSION = YES;
				CLANG_WARN_OBJC_ROOT_CLASS = YES_ERROR;
				CLANG_WARN_QUOTED_INCLUDE_IN_FRAMEWORK_HEADER = YES;
				CLANG_WARN_RANGE_LOOP_ANALYSIS = YES;
				CLANG_WARN_STRICT_PROTOTYPES = YES;
				CLANG_WARN_SUSPICIOUS_MOVE = YES;
				CLANG_WARN_UNGUARDED_AVAILABILITY = YES_AGGRESSIVE;
				CLANG_WARN_UNREACHABLE_CODE = YES;
				CLANG_WARN__DUPLICATE_METHOD_MATCH = YES;
				COPY_PHASE_STRIP = NO;
				DEBUG_INFORMATION_FORMAT = dwarf;
				ENABLE_STRICT_OBJC_MSGSEND = YES;
				ENABLE_TESTABILITY = YES;
				GCC_C_LANGUAGE_STANDARD = gnu11;
				GCC_DYNAMIC_NO_PIC = NO;
				GCC_NO_COMMON_BLOCKS = YES;
				GCC_OPTIMIZATION_LEVEL = 0;
				GCC_PREPROCESSOR_DEFINITIONS = (
					"DEBUG=1",
					"$(inherited)",
				);
				GCC_WARN_64_TO_32_BIT_CONVERSION = YES;
				GCC_WARN_ABOUT_RETURN_TYPE = YES_ERROR;
				GCC_WARN_UNDECLARED_SELECTOR = YES;
				GCC_WARN_UNINITIALIZED_AUTOS = YES_AGGRESSIVE;
				GCC_WARN_UNUSED_FUNCTION = YES;
				GCC_WARN_UNUSED_VARIABLE = YES;
				IPHONEOS_DEPLOYMENT_TARGET = 14.4;
				MTL_ENABLE_DEBUG_INFO = INCLUDE_SOURCE;
				MTL_FAST_MATH = YES;
				ONLY_ACTIVE_ARCH = YES;
				SDKROOT = iphoneos;
				SWIFT_ACTIVE_COMPILATION_CONDITIONS = DEBUG;
				SWIFT_OPTIMIZATION_LEVEL = "-Onone";
			};
			name = Debug;
		};
		15896DB226268815004D89A3 /* Release */ = {
			isa = XCBuildConfiguration;
			buildSettings = {
				ALWAYS_SEARCH_USER_PATHS = NO;
				CLANG_ANALYZER_NONNULL = YES;
				CLANG_ANALYZER_NUMBER_OBJECT_CONVERSION = YES_AGGRESSIVE;
				CLANG_CXX_LANGUAGE_STANDARD = "gnu++14";
				CLANG_CXX_LIBRARY = "libc++";
				CLANG_ENABLE_MODULES = YES;
				CLANG_ENABLE_OBJC_ARC = YES;
				CLANG_ENABLE_OBJC_WEAK = YES;
				CLANG_WARN_BLOCK_CAPTURE_AUTORELEASING = YES;
				CLANG_WARN_BOOL_CONVERSION = YES;
				CLANG_WARN_COMMA = YES;
				CLANG_WARN_CONSTANT_CONVERSION = YES;
				CLANG_WARN_DEPRECATED_OBJC_IMPLEMENTATIONS = YES;
				CLANG_WARN_DIRECT_OBJC_ISA_USAGE = YES_ERROR;
				CLANG_WARN_DOCUMENTATION_COMMENTS = YES;
				CLANG_WARN_EMPTY_BODY = YES;
				CLANG_WARN_ENUM_CONVERSION = YES;
				CLANG_WARN_INFINITE_RECURSION = YES;
				CLANG_WARN_INT_CONVERSION = YES;
				CLANG_WARN_NON_LITERAL_NULL_CONVERSION = YES;
				CLANG_WARN_OBJC_IMPLICIT_RETAIN_SELF = YES;
				CLANG_WARN_OBJC_LITERAL_CONVERSION = YES;
				CLANG_WARN_OBJC_ROOT_CLASS = YES_ERROR;
				CLANG_WARN_QUOTED_INCLUDE_IN_FRAMEWORK_HEADER = YES;
				CLANG_WARN_RANGE_LOOP_ANALYSIS = YES;
				CLANG_WARN_STRICT_PROTOTYPES = YES;
				CLANG_WARN_SUSPICIOUS_MOVE = YES;
				CLANG_WARN_UNGUARDED_AVAILABILITY = YES_AGGRESSIVE;
				CLANG_WARN_UNREACHABLE_CODE = YES;
				CLANG_WARN__DUPLICATE_METHOD_MATCH = YES;
				COPY_PHASE_STRIP = NO;
				DEBUG_INFORMATION_FORMAT = "dwarf-with-dsym";
				ENABLE_NS_ASSERTIONS = NO;
				ENABLE_STRICT_OBJC_MSGSEND = YES;
				GCC_C_LANGUAGE_STANDARD = gnu11;
				GCC_NO_COMMON_BLOCKS = YES;
				GCC_WARN_64_TO_32_BIT_CONVERSION = YES;
				GCC_WARN_ABOUT_RETURN_TYPE = YES_ERROR;
				GCC_WARN_UNDECLARED_SELECTOR = YES;
				GCC_WARN_UNINITIALIZED_AUTOS = YES_AGGRESSIVE;
				GCC_WARN_UNUSED_FUNCTION = YES;
				GCC_WARN_UNUSED_VARIABLE = YES;
				IPHONEOS_DEPLOYMENT_TARGET = 14.4;
				MTL_ENABLE_DEBUG_INFO = NO;
				MTL_FAST_MATH = YES;
				SDKROOT = iphoneos;
				SWIFT_COMPILATION_MODE = wholemodule;
				SWIFT_OPTIMIZATION_LEVEL = "-O";
				VALIDATE_PRODUCT = YES;
			};
			name = Release;
		};
		15896DB426268815004D89A3 /* Debug */ = {
			isa = XCBuildConfiguration;
			baseConfigurationReference = 7E85CA03C12D25E4DE76FC78 /* Pods-stockSimulation.debug.xcconfig */;
			buildSettings = {
				ASSETCATALOG_COMPILER_APPICON_NAME = AppIcon;
				ASSETCATALOG_COMPILER_GLOBAL_ACCENT_COLOR_NAME = AccentColor;
				CODE_SIGN_STYLE = Automatic;
				DEVELOPMENT_TEAM = N57J6XZ2FP;
				INFOPLIST_FILE = stockSimulation/Info.plist;
				IPHONEOS_DEPLOYMENT_TARGET = 14.0;
				LD_RUNPATH_SEARCH_PATHS = (
					"$(inherited)",
					"@executable_path/Frameworks",
				);
				PRODUCT_BUNDLE_IDENTIFIER = codepathStonks.stockSimulation;
				PRODUCT_NAME = "$(TARGET_NAME)";
				SWIFT_VERSION = 5.0;
				TARGETED_DEVICE_FAMILY = "1,2";
			};
			name = Debug;
		};
		15896DB526268815004D89A3 /* Release */ = {
			isa = XCBuildConfiguration;
			baseConfigurationReference = 72AB962327CD17599DA9A0F0 /* Pods-stockSimulation.release.xcconfig */;
			buildSettings = {
				ASSETCATALOG_COMPILER_APPICON_NAME = AppIcon;
				ASSETCATALOG_COMPILER_GLOBAL_ACCENT_COLOR_NAME = AccentColor;
				CODE_SIGN_STYLE = Automatic;
				DEVELOPMENT_TEAM = N57J6XZ2FP;
				INFOPLIST_FILE = stockSimulation/Info.plist;
				IPHONEOS_DEPLOYMENT_TARGET = 14.0;
				LD_RUNPATH_SEARCH_PATHS = (
					"$(inherited)",
					"@executable_path/Frameworks",
				);
				PRODUCT_BUNDLE_IDENTIFIER = codepathStonks.stockSimulation;
				PRODUCT_NAME = "$(TARGET_NAME)";
				SWIFT_VERSION = 5.0;
				TARGETED_DEVICE_FAMILY = "1,2";
			};
			name = Release;
		};
		15896DB726268815004D89A3 /* Debug */ = {
			isa = XCBuildConfiguration;
			baseConfigurationReference = AABB1C161EA12CD4F72F66B8 /* Pods-stockSimulationTests.debug.xcconfig */;
			buildSettings = {
				ALWAYS_EMBED_SWIFT_STANDARD_LIBRARIES = YES;
				BUNDLE_LOADER = "$(TEST_HOST)";
				CODE_SIGN_STYLE = Automatic;
				DEVELOPMENT_TEAM = N57J6XZ2FP;
				INFOPLIST_FILE = stockSimulationTests/Info.plist;
				IPHONEOS_DEPLOYMENT_TARGET = 14.4;
				LD_RUNPATH_SEARCH_PATHS = (
					"$(inherited)",
					"@executable_path/Frameworks",
					"@loader_path/Frameworks",
				);
				PRODUCT_BUNDLE_IDENTIFIER = codepathStonks.stockSimulationTests;
				PRODUCT_NAME = "$(TARGET_NAME)";
				SWIFT_VERSION = 5.0;
				TARGETED_DEVICE_FAMILY = "1,2";
				TEST_HOST = "$(BUILT_PRODUCTS_DIR)/stockSimulation.app/stockSimulation";
			};
			name = Debug;
		};
		15896DB826268815004D89A3 /* Release */ = {
			isa = XCBuildConfiguration;
			baseConfigurationReference = 5D05DECA742BC985F5732223 /* Pods-stockSimulationTests.release.xcconfig */;
			buildSettings = {
				ALWAYS_EMBED_SWIFT_STANDARD_LIBRARIES = YES;
				BUNDLE_LOADER = "$(TEST_HOST)";
				CODE_SIGN_STYLE = Automatic;
				DEVELOPMENT_TEAM = N57J6XZ2FP;
				INFOPLIST_FILE = stockSimulationTests/Info.plist;
				IPHONEOS_DEPLOYMENT_TARGET = 14.4;
				LD_RUNPATH_SEARCH_PATHS = (
					"$(inherited)",
					"@executable_path/Frameworks",
					"@loader_path/Frameworks",
				);
				PRODUCT_BUNDLE_IDENTIFIER = codepathStonks.stockSimulationTests;
				PRODUCT_NAME = "$(TARGET_NAME)";
				SWIFT_VERSION = 5.0;
				TARGETED_DEVICE_FAMILY = "1,2";
				TEST_HOST = "$(BUILT_PRODUCTS_DIR)/stockSimulation.app/stockSimulation";
			};
			name = Release;
		};
		15896DBA26268815004D89A3 /* Debug */ = {
			isa = XCBuildConfiguration;
			baseConfigurationReference = 961C2C1D031C0CDB12E60A39 /* Pods-stockSimulation-stockSimulationUITests.debug.xcconfig */;
			buildSettings = {
				ALWAYS_EMBED_SWIFT_STANDARD_LIBRARIES = YES;
				CODE_SIGN_STYLE = Automatic;
				DEVELOPMENT_TEAM = N57J6XZ2FP;
				INFOPLIST_FILE = stockSimulationUITests/Info.plist;
				LD_RUNPATH_SEARCH_PATHS = (
					"$(inherited)",
					"@executable_path/Frameworks",
					"@loader_path/Frameworks",
				);
				PRODUCT_BUNDLE_IDENTIFIER = codepathStonks.stockSimulationUITests;
				PRODUCT_NAME = "$(TARGET_NAME)";
				SWIFT_VERSION = 5.0;
				TARGETED_DEVICE_FAMILY = "1,2";
				TEST_TARGET_NAME = stockSimulation;
			};
			name = Debug;
		};
		15896DBB26268815004D89A3 /* Release */ = {
			isa = XCBuildConfiguration;
			baseConfigurationReference = B9F28231BB3C8788B16A2184 /* Pods-stockSimulation-stockSimulationUITests.release.xcconfig */;
			buildSettings = {
				ALWAYS_EMBED_SWIFT_STANDARD_LIBRARIES = YES;
				CODE_SIGN_STYLE = Automatic;
				DEVELOPMENT_TEAM = N57J6XZ2FP;
				INFOPLIST_FILE = stockSimulationUITests/Info.plist;
				LD_RUNPATH_SEARCH_PATHS = (
					"$(inherited)",
					"@executable_path/Frameworks",
					"@loader_path/Frameworks",
				);
				PRODUCT_BUNDLE_IDENTIFIER = codepathStonks.stockSimulationUITests;
				PRODUCT_NAME = "$(TARGET_NAME)";
				SWIFT_VERSION = 5.0;
				TARGETED_DEVICE_FAMILY = "1,2";
				TEST_TARGET_NAME = stockSimulation;
			};
			name = Release;
		};
/* End XCBuildConfiguration section */

/* Begin XCConfigurationList section */
		15896D8426268814004D89A3 /* Build configuration list for PBXProject "stockSimulation" */ = {
			isa = XCConfigurationList;
			buildConfigurations = (
				15896DB126268815004D89A3 /* Debug */,
				15896DB226268815004D89A3 /* Release */,
			);
			defaultConfigurationIsVisible = 0;
			defaultConfigurationName = Release;
		};
		15896DB326268815004D89A3 /* Build configuration list for PBXNativeTarget "stockSimulation" */ = {
			isa = XCConfigurationList;
			buildConfigurations = (
				15896DB426268815004D89A3 /* Debug */,
				15896DB526268815004D89A3 /* Release */,
			);
			defaultConfigurationIsVisible = 0;
			defaultConfigurationName = Release;
		};
		15896DB626268815004D89A3 /* Build configuration list for PBXNativeTarget "stockSimulationTests" */ = {
			isa = XCConfigurationList;
			buildConfigurations = (
				15896DB726268815004D89A3 /* Debug */,
				15896DB826268815004D89A3 /* Release */,
			);
			defaultConfigurationIsVisible = 0;
			defaultConfigurationName = Release;
		};
		15896DB926268815004D89A3 /* Build configuration list for PBXNativeTarget "stockSimulationUITests" */ = {
			isa = XCConfigurationList;
			buildConfigurations = (
				15896DBA26268815004D89A3 /* Debug */,
				15896DBB26268815004D89A3 /* Release */,
			);
			defaultConfigurationIsVisible = 0;
			defaultConfigurationName = Release;
		};
/* End XCConfigurationList section */
	};
	rootObject = 15896D8126268814004D89A3 /* Project object */;
}
